
Microsoft Visual Studio Solution File, Format Version 12.00
# Visual Studio Version 16
VisualStudioVersion = 16.0.31624.102
MinimumVisualStudioVersion = 10.0.40219.1
Project("{FAE04EC0-301F-11D3-BF4B-00C04F79EFBC}") = "Homework 8.2", "Homework 8.2\Homework 8.2.csproj", "{057701A0-8F9D-4A1E-B965-716754D86E22}"
EndProject
Global
	GlobalSection(SolutionConfigurationPlatforms) = preSolution
		Debug|Any CPU = Debug|Any CPU
		Release|Any CPU = Release|Any CPU
	EndGlobalSection
	GlobalSection(ProjectConfigurationPlatforms) = postSolution
		{057701A0-8F9D-4A1E-B965-716754D86E22}.Debug|Any CPU.ActiveCfg = Debug|Any CPU
		{057701A0-8F9D-4A1E-B965-716754D86E22}.Debug|Any CPU.Build.0 = Debug|Any CPU
		{057701A0-8F9D-4A1E-B965-716754D86E22}.Release|Any CPU.ActiveCfg = Release|Any CPU
		{057701A0-8F9D-4A1E-B965-716754D86E22}.Release|Any CPU.Build.0 = Release|Any CPU
	EndGlobalSection
	GlobalSection(SolutionProperties) = preSolution
		HideSolutionNode = FALSE
	EndGlobalSection
	GlobalSection(ExtensibilityGlobals) = postSolution
		SolutionGuid = {3FA32619-5CD5-44D7-90DA-18EAD7080983}
	EndGlobalSection
EndGlobal
